// !$*UTF8*$!
{
	archiveVersion = 1;
	classes = {
	};
	objectVersion = 46;
	objects = {

/* Begin PBXBuildFile section */
		AAD5ECA41B9F5B46006A67E3 /* main.m in Sources */ = {isa = PBXBuildFile; fileRef = AAD5ECA31B9F5B46006A67E3 /* main.m */; };
		AAD5ECA71B9F5B46006A67E3 /* AppDelegate.m in Sources */ = {isa = PBXBuildFile; fileRef = AAD5ECA61B9F5B46006A67E3 /* AppDelegate.m */; };
		AAD5ECAA1B9F5B46006A67E3 /* MasterViewController.m in Sources */ = {isa = PBXBuildFile; fileRef = AAD5ECA91B9F5B46006A67E3 /* MasterViewController.m */; };
		AAD5ECAD1B9F5B46006A67E3 /* DetailViewController.m in Sources */ = {isa = PBXBuildFile; fileRef = AAD5ECAC1B9F5B46006A67E3 /* DetailViewController.m */; };
		AAD5ECB01B9F5B46006A67E3 /* Main.storyboard in Resources */ = {isa = PBXBuildFile; fileRef = AAD5ECAE1B9F5B46006A67E3 /* Main.storyboard */; };
		AAD5ECB21B9F5B46006A67E3 /* Images.xcassets in Resources */ = {isa = PBXBuildFile; fileRef = AAD5ECB11B9F5B46006A67E3 /* Images.xcassets */; };
		AAD5ECB51B9F5B46006A67E3 /* LaunchScreen.xib in Resources */ = {isa = PBXBuildFile; fileRef = AAD5ECB31B9F5B46006A67E3 /* LaunchScreen.xib */; };
		AAD5ECC11B9F5B46006A67E3 /* Every_DoTests.m in Sources */ = {isa = PBXBuildFile; fileRef = AAD5ECC01B9F5B46006A67E3 /* Every_DoTests.m */; };
		AAD5ECCC1B9F5BE2006A67E3 /* Todo.m in Sources */ = {isa = PBXBuildFile; fileRef = AAD5ECCB1B9F5BE2006A67E3 /* Todo.m */; };
		AAD5ECCF1B9F6343006A67E3 /* CustomTableViewCell.m in Sources */ = {isa = PBXBuildFile; fileRef = AAD5ECCE1B9F6343006A67E3 /* CustomTableViewCell.m */; };
		AAD5ECD51B9F7BE5006A67E3 /* AddListViewController.m in Sources */ = {isa = PBXBuildFile; fileRef = AAD5ECD41B9F7BE5006A67E3 /* AddListViewController.m */; };
/* End PBXBuildFile section */

/* Begin PBXContainerItemProxy section */
		AAD5ECBB1B9F5B46006A67E3 /* PBXContainerItemProxy */ = {
			isa = PBXContainerItemProxy;
			containerPortal = AAD5EC961B9F5B46006A67E3 /* Project object */;
			proxyType = 1;
			remoteGlobalIDString = AAD5EC9D1B9F5B46006A67E3;
			remoteInfo = Every.Do;
		};
/* End PBXContainerItemProxy section */

/* Begin PBXFileReference section */
		AAD5EC9E1B9F5B46006A67E3 /* Every.Do.app */ = {isa = PBXFileReference; explicitFileType = wrapper.application; includeInIndex = 0; path = Every.Do.app; sourceTree = BUILT_PRODUCTS_DIR; };
		AAD5ECA21B9F5B46006A67E3 /* Info.plist */ = {isa = PBXFileReference; lastKnownFileType = text.plist.xml; path = Info.plist; sourceTree = "<group>"; };
		AAD5ECA31B9F5B46006A67E3 /* main.m */ = {isa = PBXFileReference; lastKnownFileType = sourcecode.c.objc; path = main.m; sourceTree = "<group>"; };
		AAD5ECA51B9F5B46006A67E3 /* AppDelegate.h */ = {isa = PBXFileReference; lastKnownFileType = sourcecode.c.h; path = AppDelegate.h; sourceTree = "<group>"; };
		AAD5ECA61B9F5B46006A67E3 /* AppDelegate.m */ = {isa = PBXFileReference; lastKnownFileType = sourcecode.c.objc; path = AppDelegate.m; sourceTree = "<group>"; };
		AAD5ECA81B9F5B46006A67E3 /* MasterViewController.h */ = {isa = PBXFileReference; lastKnownFileType = sourcecode.c.h; path = MasterViewController.h; sourceTree = "<group>"; };
		AAD5ECA91B9F5B46006A67E3 /* MasterViewController.m */ = {isa = PBXFileReference; lastKnownFileType = sourcecode.c.objc; path = MasterViewController.m; sourceTree = "<group>"; };
		AAD5ECAB1B9F5B46006A67E3 /* DetailViewController.h */ = {isa = PBXFileReference; lastKnownFileType = sourcecode.c.h; path = DetailViewController.h; sourceTree = "<group>"; };
		AAD5ECAC1B9F5B46006A67E3 /* DetailViewController.m */ = {isa = PBXFileReference; lastKnownFileType = sourcecode.c.objc; path = DetailViewController.m; sourceTree = "<group>"; };
		AAD5ECAF1B9F5B46006A67E3 /* Base */ = {isa = PBXFileReference; lastKnownFileType = file.storyboard; name = Base; path = Base.lproj/Main.storyboard; sourceTree = "<group>"; };
		AAD5ECB11B9F5B46006A67E3 /* Images.xcassets */ = {isa = PBXFileReference; lastKnownFileType = folder.assetcatalog; path = Images.xcassets; sourceTree = "<group>"; };
		AAD5ECB41B9F5B46006A67E3 /* Base */ = {isa = PBXFileReference; lastKnownFileType = file.xib; name = Base; path = Base.lproj/LaunchScreen.xib; sourceTree = "<group>"; };
		AAD5ECBA1B9F5B46006A67E3 /* Every.DoTests.xctest */ = {isa = PBXFileReference; explicitFileType = wrapper.cfbundle; includeInIndex = 0; path = Every.DoTests.xctest; sourceTree = BUILT_PRODUCTS_DIR; };
		AAD5ECBF1B9F5B46006A67E3 /* Info.plist */ = {isa = PBXFileReference; lastKnownFileType = text.plist.xml; path = Info.plist; sourceTree = "<group>"; };
		AAD5ECC01B9F5B46006A67E3 /* Every_DoTests.m */ = {isa = PBXFileReference; lastKnownFileType = sourcecode.c.objc; path = Every_DoTests.m; sourceTree = "<group>"; };
		AAD5ECCA1B9F5BE2006A67E3 /* Todo.h */ = {isa = PBXFileReference; fileEncoding = 4; lastKnownFileType = sourcecode.c.h; path = Todo.h; sourceTree = "<group>"; };
		AAD5ECCB1B9F5BE2006A67E3 /* Todo.m */ = {isa = PBXFileReference; fileEncoding = 4; lastKnownFileType = sourcecode.c.objc; path = Todo.m; sourceTree = "<group>"; };
		AAD5ECCD1B9F6343006A67E3 /* CustomTableViewCell.h */ = {isa = PBXFileReference; fileEncoding = 4; lastKnownFileType = sourcecode.c.h; path = CustomTableViewCell.h; sourceTree = "<group>"; };
		AAD5ECCE1B9F6343006A67E3 /* CustomTableViewCell.m */ = {isa = PBXFileReference; fileEncoding = 4; lastKnownFileType = sourcecode.c.objc; path = CustomTableViewCell.m; sourceTree = "<group>"; };
		AAD5ECD31B9F7BE5006A67E3 /* AddListViewController.h */ = {isa = PBXFileReference; fileEncoding = 4; lastKnownFileType = sourcecode.c.h; path = AddListViewController.h; sourceTree = "<group>"; };
		AAD5ECD41B9F7BE5006A67E3 /* AddListViewController.m */ = {isa = PBXFileReference; fileEncoding = 4; lastKnownFileType = sourcecode.c.objc; path = AddListViewController.m; sourceTree = "<group>"; };
/* End PBXFileReference section */

/* Begin PBXFrameworksBuildPhase section */
		AAD5EC9B1B9F5B46006A67E3 /* Frameworks */ = {
			isa = PBXFrameworksBuildPhase;
			buildActionMask = 2147483647;
			files = (
			);
			runOnlyForDeploymentPostprocessing = 0;
		};
		AAD5ECB71B9F5B46006A67E3 /* Frameworks */ = {
			isa = PBXFrameworksBuildPhase;
			buildActionMask = 2147483647;
			files = (
			);
			runOnlyForDeploymentPostprocessing = 0;
		};
/* End PBXFrameworksBuildPhase section */

/* Begin PBXGroup section */
		AAD5EC951B9F5B46006A67E3 = {
			isa = PBXGroup;
			children = (
				AAD5ECA01B9F5B46006A67E3 /* Every.Do */,
				AAD5ECBD1B9F5B46006A67E3 /* Every.DoTests */,
				AAD5EC9F1B9F5B46006A67E3 /* Products */,
			);
			sourceTree = "<group>";
		};
		AAD5EC9F1B9F5B46006A67E3 /* Products */ = {
			isa = PBXGroup;
			children = (
				AAD5EC9E1B9F5B46006A67E3 /* Every.Do.app */,
				AAD5ECBA1B9F5B46006A67E3 /* Every.DoTests.xctest */,
			);
			name = Products;
			sourceTree = "<group>";
		};
		AAD5ECA01B9F5B46006A67E3 /* Every.Do */ = {
			isa = PBXGroup;
			children = (
				AAD5ECA51B9F5B46006A67E3 /* AppDelegate.h */,
				AAD5ECA61B9F5B46006A67E3 /* AppDelegate.m */,
				AAD5ECA81B9F5B46006A67E3 /* MasterViewController.h */,
				AAD5ECA91B9F5B46006A67E3 /* MasterViewController.m */,
				AAD5ECCD1B9F6343006A67E3 /* CustomTableViewCell.h */,
				AAD5ECCE1B9F6343006A67E3 /* CustomTableViewCell.m */,
				AAD5ECCA1B9F5BE2006A67E3 /* Todo.h */,
				AAD5ECCB1B9F5BE2006A67E3 /* Todo.m */,
				AAD5ECAB1B9F5B46006A67E3 /* DetailViewController.h */,
				AAD5ECAC1B9F5B46006A67E3 /* DetailViewController.m */,
				AAD5ECD31B9F7BE5006A67E3 /* AddListViewController.h */,
				AAD5ECD41B9F7BE5006A67E3 /* AddListViewController.m */,
				AAD5ECAE1B9F5B46006A67E3 /* Main.storyboard */,
				AAD5ECB11B9F5B46006A67E3 /* Images.xcassets */,
				AAD5ECB31B9F5B46006A67E3 /* LaunchScreen.xib */,
				AAD5ECA11B9F5B46006A67E3 /* Supporting Files */,
			);
			path = Every.Do;
			sourceTree = "<group>";
		};
		AAD5ECA11B9F5B46006A67E3 /* Supporting Files */ = {
			isa = PBXGroup;
			children = (
				AAD5ECA21B9F5B46006A67E3 /* Info.plist */,
				AAD5ECA31B9F5B46006A67E3 /* main.m */,
			);
			name = "Supporting Files";
			sourceTree = "<group>";
		};
		AAD5ECBD1B9F5B46006A67E3 /* Every.DoTests */ = {
			isa = PBXGroup;
			children = (
				AAD5ECC01B9F5B46006A67E3 /* Every_DoTests.m */,
				AAD5ECBE1B9F5B46006A67E3 /* Supporting Files */,
			);
			path = Every.DoTests;
			sourceTree = "<group>";
		};
		AAD5ECBE1B9F5B46006A67E3 /* Supporting Files */ = {
			isa = PBXGroup;
			children = (
				AAD5ECBF1B9F5B46006A67E3 /* Info.plist */,
			);
			name = "Supporting Files";
			sourceTree = "<group>";
		};
/* End PBXGroup section */

/* Begin PBXNativeTarget section */
		AAD5EC9D1B9F5B46006A67E3 /* Every.Do */ = {
			isa = PBXNativeTarget;
			buildConfigurationList = AAD5ECC41B9F5B46006A67E3 /* Build configuration list for PBXNativeTarget "Every.Do" */;
			buildPhases = (
				AAD5EC9A1B9F5B46006A67E3 /* Sources */,
				AAD5EC9B1B9F5B46006A67E3 /* Frameworks */,
				AAD5EC9C1B9F5B46006A67E3 /* Resources */,
			);
			buildRules = (
			);
			dependencies = (
			);
			name = Every.Do;
			productName = Every.Do;
			productReference = AAD5EC9E1B9F5B46006A67E3 /* Every.Do.app */;
			productType = "com.apple.product-type.application";
		};
		AAD5ECB91B9F5B46006A67E3 /* Every.DoTests */ = {
			isa = PBXNativeTarget;
			buildConfigurationList = AAD5ECC71B9F5B46006A67E3 /* Build configuration list for PBXNativeTarget "Every.DoTests" */;
			buildPhases = (
				AAD5ECB61B9F5B46006A67E3 /* Sources */,
				AAD5ECB71B9F5B46006A67E3 /* Frameworks */,
				AAD5ECB81B9F5B46006A67E3 /* Resources */,
			);
			buildRules = (
			);
			dependencies = (
				AAD5ECBC1B9F5B46006A67E3 /* PBXTargetDependency */,
			);
			name = Every.DoTests;
			productName = Every.DoTests;
			productReference = AAD5ECBA1B9F5B46006A67E3 /* Every.DoTests.xctest */;
			productType = "com.apple.product-type.bundle.unit-test";
		};
/* End PBXNativeTarget section */

/* Begin PBXProject section */
		AAD5EC961B9F5B46006A67E3 /* Project object */ = {
			isa = PBXProject;
			attributes = {
				LastUpgradeCheck = 0640;
				ORGANIZATIONNAME = Steve;
				TargetAttributes = {
					AAD5EC9D1B9F5B46006A67E3 = {
						CreatedOnToolsVersion = 6.4;
					};
					AAD5ECB91B9F5B46006A67E3 = {
						CreatedOnToolsVersion = 6.4;
						TestTargetID = AAD5EC9D1B9F5B46006A67E3;
					};
				};
			};
			buildConfigurationList = AAD5EC991B9F5B46006A67E3 /* Build configuration list for PBXProject "Every.Do" */;
			compatibilityVersion = "Xcode 3.2";
			developmentRegion = English;
			hasScannedForEncodings = 0;
			knownRegions = (
				en,
				Base,
			);
			mainGroup = AAD5EC951B9F5B46006A67E3;
			productRefGroup = AAD5EC9F1B9F5B46006A67E3 /* Products */;
			projectDirPath = "";
			projectRoot = "";
			targets = (
				AAD5EC9D1B9F5B46006A67E3 /* Every.Do */,
				AAD5ECB91B9F5B46006A67E3 /* Every.DoTests */,
			);
		};
/* End PBXProject section */

/* Begin PBXResourcesBuildPhase section */
		AAD5EC9C1B9F5B46006A67E3 /* Resources */ = {
			isa = PBXResourcesBuildPhase;
			buildActionMask = 2147483647;
			files = (
				AAD5ECB01B9F5B46006A67E3 /* Main.storyboard in Resources */,
				AAD5ECB51B9F5B46006A67E3 /* LaunchScreen.xib in Resources */,
				AAD5ECB21B9F5B46006A67E3 /* Images.xcassets in Resources */,
			);
			runOnlyForDeploymentPostprocessing = 0;
		};
		AAD5ECB81B9F5B46006A67E3 /* Resources */ = {
			isa = PBXResourcesBuildPhase;
			buildActionMask = 2147483647;
			files = (
			);
			runOnlyForDeploymentPostprocessing = 0;
		};
/* End PBXResourcesBuildPhase section */

/* Begin PBXSourcesBuildPhase section */
		AAD5EC9A1B9F5B46006A67E3 /* Sources */ = {
			isa = PBXSourcesBuildPhase;
			buildActionMask = 2147483647;
			files = (
				AAD5ECCC1B9F5BE2006A67E3 /* Todo.m in Sources */,
				AAD5ECA71B9F5B46006A67E3 /* AppDelegate.m in Sources */,
				AAD5ECD51B9F7BE5006A67E3 /* AddListViewController.m in Sources */,
				AAD5ECCF1B9F6343006A67E3 /* CustomTableViewCell.m in Sources */,
				AAD5ECAA1B9F5B46006A67E3 /* MasterViewController.m in Sources */,
				AAD5ECA41B9F5B46006A67E3 /* main.m in Sources */,
				AAD5ECAD1B9F5B46006A67E3 /* DetailViewController.m in Sources */,
			);
			runOnlyForDeploymentPostprocessing = 0;
		};
		AAD5ECB61B9F5B46006A67E3 /* Sources */ = {
			isa = PBXSourcesBuildPhase;
			buildActionMask = 2147483647;
			files = (
				AAD5ECC11B9F5B46006A67E3 /* Every_DoTests.m in Sources */,
			);
			runOnlyForDeploymentPostprocessing = 0;
		};
/* End PBXSourcesBuildPhase section */

/* Begin PBXTargetDependency section */
		AAD5ECBC1B9F5B46006A67E3 /* PBXTargetDependency */ = {
			isa = PBXTargetDependency;
			target = AAD5EC9D1B9F5B46006A67E3 /* Every.Do */;
			targetProxy = AAD5ECBB1B9F5B46006A67E3 /* PBXContainerItemProxy */;
		};
/* End PBXTargetDependency section */

/* Begin PBXVariantGroup section */
		AAD5ECAE1B9F5B46006A67E3 /* Main.storyboard */ = {
			isa = PBXVariantGroup;
			children = (
				AAD5ECAF1B9F5B46006A67E3 /* Base */,
			);
			name = Main.storyboard;
			sourceTree = "<group>";
		};
		AAD5ECB31B9F5B46006A67E3 /* LaunchScreen.xib */ = {
			isa = PBXVariantGroup;
			children = (
				AAD5ECB41B9F5B46006A67E3 /* Base */,
			);
			name = LaunchScreen.xib;
			sourceTree = "<group>";
		};
/* End PBXVariantGroup section */

/* Begin XCBuildConfiguration section */
		AAD5ECC21B9F5B46006A67E3 /* Debug */ = {
			isa = XCBuildConfiguration;
			buildSettings = {
				ALWAYS_SEARCH_USER_PATHS = NO;
				CLANG_CXX_LANGUAGE_STANDARD = "gnu++0x";
				CLANG_CXX_LIBRARY = "libc++";
				CLANG_ENABLE_MODULES = YES;
				CLANG_ENABLE_OBJC_ARC = YES;
				CLANG_WARN_BOOL_CONVERSION = YES;
				CLANG_WARN_CONSTANT_CONVERSION = YES;
				CLANG_WARN_DIRECT_OBJC_ISA_USAGE = YES_ERROR;
				CLANG_WARN_EMPTY_BODY = YES;
				CLANG_WARN_ENUM_CONVERSION = YES;
				CLANG_WARN_INT_CONVERSION = YES;
				CLANG_WARN_OBJC_ROOT_CLASS = YES_ERROR;
				CLANG_WARN_UNREACHABLE_CODE = YES;
				CLANG_WARN__DUPLICATE_METHOD_MATCH = YES;
				"CODE_SIGN_IDENTITY[sdk=iphoneos*]" = "iPhone Developer";
				COPY_PHASE_STRIP = NO;
				DEBUG_INFORMATION_FORMAT = "dwarf-with-dsym";
				ENABLE_STRICT_OBJC_MSGSEND = YES;
				GCC_C_LANGUAGE_STANDARD = gnu99;
				GCC_DYNAMIC_NO_PIC = NO;
				GCC_NO_COMMON_BLOCKS = YES;
				GCC_OPTIMIZATION_LEVEL = 0;
				GCC_PREPROCESSOR_DEFINITIONS = (
					"DEBUG=1",
					"$(inherited)",
				);
				GCC_SYMBOLS_PRIVATE_EXTERN = NO;
				GCC_WARN_64_TO_32_BIT_CONVERSION = YES;
				GCC_WARN_ABOUT_RETURN_TYPE = YES_ERROR;
				GCC_WARN_UNDECLARED_SELECTOR = YES;
				GCC_WARN_UNINITIALIZED_AUTOS = YES_AGGRESSIVE;
				GCC_WARN_UNUSED_FUNCTION = YES;
				GCC_WARN_UNUSED_VARIABLE = YES;
				IPHONEOS_DEPLOYMENT_TARGET = 8.4;
				MTL_ENABLE_DEBUG_INFO = YES;
				ONLY_ACTIVE_ARCH = YES;
				SDKROOT = iphoneos;
			};
			name = Debug;
		};
		AAD5ECC31B9F5B46006A67E3 /* Release */ = {
			isa = XCBuildConfiguration;
			buildSettings = {
				ALWAYS_SEARCH_USER_PATHS = NO;
				CLANG_CXX_LANGUAGE_STANDARD = "gnu++0x";
				CLANG_CXX_LIBRARY = "libc++";
				CLANG_ENABLE_MODULES = YES;
				CLANG_ENABLE_OBJC_ARC = YES;
				CLANG_WARN_BOOL_CONVERSION = YES;
				CLANG_WARN_CONSTANT_CONVERSION = YES;
				CLANG_WARN_DIRECT_OBJC_ISA_USAGE = YES_ERROR;
				CLANG_WARN_EMPTY_BODY = YES;
				CLANG_WARN_ENUM_CONVERSION = YES;
				CLANG_WARN_INT_CONVERSION = YES;
				CLANG_WARN_OBJC_ROOT_CLASS = YES_ERROR;
				CLANG_WARN_UNREACHABLE_CODE = YES;
				CLANG_WARN__DUPLICATE_METHOD_MATCH = YES;
				"CODE_SIGN_IDENTITY[sdk=iphoneos*]" = "iPhone Developer";
				COPY_PHASE_STRIP = NO;
				DEBUG_INFORMATION_FORMAT = "dwarf-with-dsym";
				ENABLE_NS_ASSERTIONS = NO;
				ENABLE_STRICT_OBJC_MSGSEND = YES;
				GCC_C_LANGUAGE_STANDARD = gnu99;
				GCC_NO_COMMON_BLOCKS = YES;
				GCC_WARN_64_TO_32_BIT_CONVERSION = YES;
				GCC_WARN_ABOUT_RETURN_TYPE = YES_ERROR;
				GCC_WARN_UNDECLARED_SELECTOR = YES;
				GCC_WARN_UNINITIALIZED_AUTOS = YES_AGGRESSIVE;
				GCC_WARN_UNUSED_FUNCTION = YES;
				GCC_WARN_UNUSED_VARIABLE = YES;
				IPHONEOS_DEPLOYMENT_TARGET = 8.4;
				MTL_ENABLE_DEBUG_INFO = NO;
				SDKROOT = iphoneos;
				VALIDATE_PRODUCT = YES;
			};
			name = Release;
		};
		AAD5ECC51B9F5B46006A67E3 /* Debug */ = {
			isa = XCBuildConfiguration;
			buildSettings = {
				ASSETCATALOG_COMPILER_APPICON_NAME = AppIcon;
				INFOPLIST_FILE = Every.Do/Info.plist;
				LD_RUNPATH_SEARCH_PATHS = "$(inherited) @executable_path/Frameworks";
				PRODUCT_NAME = "$(TARGET_NAME)";
			};
			name = Debug;
		};
		AAD5ECC61B9F5B46006A67E3 /* Release */ = {
			isa = XCBuildConfiguration;
			buildSettings = {
				ASSETCATALOG_COMPILER_APPICON_NAME = AppIcon;
				INFOPLIST_FILE = Every.Do/Info.plist;
				LD_RUNPATH_SEARCH_PATHS = "$(inherited) @executable_path/Frameworks";
				PRODUCT_NAME = "$(TARGET_NAME)";
			};
			name = Release;
		};
		AAD5ECC81B9F5B46006A67E3 /* Debug */ = {
			isa = XCBuildConfiguration;
			buildSettings = {
				BUNDLE_LOADER = "$(TEST_HOST)";
				FRAMEWORK_SEARCH_PATHS = (
					"$(SDKROOT)/Developer/Library/Frameworks",
					"$(inherited)",
				);
				GCC_PREPROCESSOR_DEFINITIONS = (
					"DEBUG=1",
					"$(inherited)",
				);
				INFOPLIST_FILE = Every.DoTests/Info.plist;
				LD_RUNPATH_SEARCH_PATHS = "$(inherited) @executable_path/Frameworks @loader_path/Frameworks";
				PRODUCT_NAME = "$(TARGET_NAME)";
				TEST_HOST = "$(BUILT_PRODUCTS_DIR)/Every.Do.app/Every.Do";
			};
			name = Debug;
		};
		AAD5ECC91B9F5B46006A67E3 /* Release */ = {
			isa = XCBuildConfiguration;
			buildSettings = {
				BUNDLE_LOADER = "$(TEST_HOST)";
				FRAMEWORK_SEARCH_PATHS = (
					"$(SDKROOT)/Developer/Library/Frameworks",
					"$(inherited)",
				);
				INFOPLIST_FILE = Every.DoTests/Info.plist;
				LD_RUNPATH_SEARCH_PATHS = "$(inherited) @executable_path/Frameworks @loader_path/Frameworks";
				PRODUCT_NAME = "$(TARGET_NAME)";
				TEST_HOST = "$(BUILT_PRODUCTS_DIR)/Every.Do.app/Every.Do";
			};
			name = Release;
		};
/* End XCBuildConfiguration section */

/* Begin XCConfigurationList section */
		AAD5EC991B9F5B46006A67E3 /* Build configuration list for PBXProject "Every.Do" */ = {
			isa = XCConfigurationList;
			buildConfigurations = (
				AAD5ECC21B9F5B46006A67E3 /* Debug */,
				AAD5ECC31B9F5B46006A67E3 /* Release */,
			);
			defaultConfigurationIsVisible = 0;
			defaultConfigurationName = Release;
		};
		AAD5ECC41B9F5B46006A67E3 /* Build configuration list for PBXNativeTarget "Every.Do" */ = {
			isa = XCConfigurationList;
			buildConfigurations = (
				AAD5ECC51B9F5B46006A67E3 /* Debug */,
				AAD5ECC61B9F5B46006A67E3 /* Release */,
			);
			defaultConfigurationIsVisible = 0;
		};
		AAD5ECC71B9F5B46006A67E3 /* Build configuration list for PBXNativeTarget "Every.DoTests" */ = {
			isa = XCConfigurationList;
			buildConfigurations = (
				AAD5ECC81B9F5B46006A67E3 /* Debug */,
				AAD5ECC91B9F5B46006A67E3 /* Release */,
			);
			defaultConfigurationIsVisible = 0;
		};
/* End XCConfigurationList section */
	};
	rootObject = AAD5EC961B9F5B46006A67E3 /* Project object */;
}
